{
  "name": "nodejs-proj",
  "version": "1.0.0",
  "lockfileVersion": 2,
  "requires": true,
  "packages": {
    "": {
      "name": "nodejs-proj",
      "version": "1.0.0",
      "license": "ISC",
      "dependencies": {
        "bootstrap": "^5.3.1",
        "lodash": "^4.17.21"
      }
    },
    "node_modules/@popperjs/core": {
      "version": "2.11.8",
      "resolved": "https://pkgs.dev.azure.com/IngEurCDaaS01/IngOne/_packaging/central-npm-feed/npm/registry/@popperjs/core/-/core-2.11.8.tgz",
      "integrity": "sha1-a3kDLnYKCJnNQgRxC+7elyo6GF8=",
      "license": "MIT",
      "peer": true,
      "funding": {
        "type": "opencollective",
        "url": "https://opencollective.com/popperjs"
      }
    },
    "node_modules/bootstrap": {
      "version": "5.3.1",
      "resolved": "https://pkgs.dev.azure.com/IngEurCDaaS01/IngOne/_packaging/central-npm-feed/npm/registry/bootstrap/-/bootstrap-5.3.1.tgz",
      "integrity": "sha1-jKBwQK0V1/dYkdFQTPFMXe37HP4=",
      "funding": [
        {
          "type": "github",
          "url": "https://github.com/sponsors/twbs"
        },
        {
          "type": "opencollective",
          "url": "https://opencollective.com/bootstrap"
        }
      ],
      "license": "MIT",
      "peerDependencies": {
        "@popperjs/core": "^2.11.8"
      }
    },
    "node_modules/lodash": {
      "version": "4.17.21",
      "resolved": "https://pkgs.dev.azure.com/IngEurCDaaS01/IngOne/_packaging/central-npm-feed/npm/registry/lodash/-/lodash-4.17.21.tgz",
      "integrity": "sha1-Z5WRxWTDv/quhFTPCz3zcMPWkRw=",
      "license": "MIT"
    }
  },
  "dependencies": {
    "@popperjs/core": {
      "version": "2.11.8",
      "resolved": "https://pkgs.dev.azure.com/IngEurCDaaS01/IngOne/_packaging/central-npm-feed/npm/registry/@popperjs/core/-/core-2.11.8.tgz",
      "integrity": "sha1-a3kDLnYKCJnNQgRxC+7elyo6GF8=",
      "peer": true
    },
    "bootstrap": {
      "version": "5.3.1",
      "resolved": "https://pkgs.dev.azure.com/IngEurCDaaS01/IngOne/_packaging/central-npm-feed/npm/registry/bootstrap/-/bootstrap-5.3.1.tgz",
      "integrity": "sha1-jKBwQK0V1/dYkdFQTPFMXe37HP4=",
      "requires": {}
    },
    "lodash": {
      "version": "4.17.21",
      "resolved": "https://pkgs.dev.azure.com/IngEurCDaaS01/IngOne/_packaging/central-npm-feed/npm/registry/lodash/-/lodash-4.17.21.tgz",
      "integrity": "sha1-Z5WRxWTDv/quhFTPCz3zcMPWkRw="
    }
  }
}
